
Microsoft Visual Studio Solution File, Format Version 12.00
# Visual Studio 15
VisualStudioVersion = 15.0.28010.2003
MinimumVisualStudioVersion = 10.0.40219.1
Project("{FAE04EC0-301F-11D3-BF4B-00C04F79EFBC}") = "Website", "WebApplication1\Website.csproj", "{7A334D8B-F029-407F-A6C6-13F45A2EBFFE}"
EndProject
Global
	GlobalSection(SolutionConfigurationPlatforms) = preSolution
		Debug|Any CPU = Debug|Any CPU
		Release|Any CPU = Release|Any CPU
	EndGlobalSection
	GlobalSection(ProjectConfigurationPlatforms) = postSolution
		{7A334D8B-F029-407F-A6C6-13F45A2EBFFE}.Debug|Any CPU.ActiveCfg = Debug|Any CPU
		{7A334D8B-F029-407F-A6C6-13F45A2EBFFE}.Debug|Any CPU.Build.0 = Debug|Any CPU
		{7A334D8B-F029-407F-A6C6-13F45A2EBFFE}.Release|Any CPU.ActiveCfg = Release|Any CPU
		{7A334D8B-F029-407F-A6C6-13F45A2EBFFE}.Release|Any CPU.Build.0 = Release|Any CPU
	EndGlobalSection
	GlobalSection(SolutionProperties) = preSolution
		HideSolutionNode = FALSE
	EndGlobalSection
	GlobalSection(ExtensibilityGlobals) = postSolution
		SolutionGuid = {01537614-A325-4349-8990-670D0DDDBACE}
	EndGlobalSection
EndGlobal
